
Microsoft Visual Studio Solution File, Format Version 12.00
# Visual Studio Version 17
VisualStudioVersion = 17.6.33829.357
MinimumVisualStudioVersion = 10.0.40219.1
Project("{FAE04EC0-301F-11D3-BF4B-00C04F79EFBC}") = "ManSys", "ManSys\ManSys.csproj", "{B9E08952-98AD-4B85-AF23-5DB5823923B5}"
EndProject
Global
	GlobalSection(SolutionConfigurationPlatforms) = preSolution
		Debug|Any CPU = Debug|Any CPU
		Release|Any CPU = Release|Any CPU
	EndGlobalSection
	GlobalSection(ProjectConfigurationPlatforms) = postSolution
		{B9E08952-98AD-4B85-AF23-5DB5823923B5}.Debug|Any CPU.ActiveCfg = Debug|Any CPU
		{B9E08952-98AD-4B85-AF23-5DB5823923B5}.Debug|Any CPU.Build.0 = Debug|Any CPU
		{B9E08952-98AD-4B85-AF23-5DB5823923B5}.Release|Any CPU.ActiveCfg = Release|Any CPU
		{B9E08952-98AD-4B85-AF23-5DB5823923B5}.Release|Any CPU.Build.0 = Release|Any CPU
	EndGlobalSection
	GlobalSection(SolutionProperties) = preSolution
		HideSolutionNode = FALSE
	EndGlobalSection
	GlobalSection(ExtensibilityGlobals) = postSolution
		SolutionGuid = {090E5B9D-94A9-4F80-AA20-54BAE6764CA2}
	EndGlobalSection
EndGlobal
