
Microsoft Visual Studio Solution File, Format Version 12.00
# Visual Studio Version 17
VisualStudioVersion = 17.6.33801.468
MinimumVisualStudioVersion = 10.0.40219.1
Project("{9A19103F-16F7-4668-BE54-9A1E7A4F7556}") = "TheRealManSys", "TheRealManSys\TheRealManSys.csproj", "{39A27DEC-484D-4AB1-9A35-2ADFF9CA356F}"
EndProject
Global
	GlobalSection(SolutionConfigurationPlatforms) = preSolution
		Debug|Any CPU = Debug|Any CPU
		Release|Any CPU = Release|Any CPU
	EndGlobalSection
	GlobalSection(ProjectConfigurationPlatforms) = postSolution
		{39A27DEC-484D-4AB1-9A35-2ADFF9CA356F}.Debug|Any CPU.ActiveCfg = Debug|Any CPU
		{39A27DEC-484D-4AB1-9A35-2ADFF9CA356F}.Debug|Any CPU.Build.0 = Debug|Any CPU
		{39A27DEC-484D-4AB1-9A35-2ADFF9CA356F}.Release|Any CPU.ActiveCfg = Release|Any CPU
		{39A27DEC-484D-4AB1-9A35-2ADFF9CA356F}.Release|Any CPU.Build.0 = Release|Any CPU
	EndGlobalSection
	GlobalSection(SolutionProperties) = preSolution
		HideSolutionNode = FALSE
	EndGlobalSection
	GlobalSection(ExtensibilityGlobals) = postSolution
		SolutionGuid = {BD2329C5-CD5A-4D12-BEDE-70FEB9940ECE}
	EndGlobalSection
EndGlobal
